
Microsoft Visual Studio Solution File, Format Version 12.00
# Visual Studio Version 17
VisualStudioVersion = 17.0.31912.275
MinimumVisualStudioVersion = 10.0.40219.1
Project("{FAE04EC0-301F-11D3-BF4B-00C04F79EFBC}") = "change", "change.csproj", "{764B2BAA-DC66-4DEE-B523-3A3EC075C24D}"
EndProject
Global
	GlobalSection(SolutionConfigurationPlatforms) = preSolution
		Debug|Any CPU = Debug|Any CPU
		Release|Any CPU = Release|Any CPU
	EndGlobalSection
	GlobalSection(ProjectConfigurationPlatforms) = postSolution
		{764B2BAA-DC66-4DEE-B523-3A3EC075C24D}.Debug|Any CPU.ActiveCfg = Debug|Any CPU
		{764B2BAA-DC66-4DEE-B523-3A3EC075C24D}.Debug|Any CPU.Build.0 = Debug|Any CPU
		{764B2BAA-DC66-4DEE-B523-3A3EC075C24D}.Release|Any CPU.ActiveCfg = Release|Any CPU
		{764B2BAA-DC66-4DEE-B523-3A3EC075C24D}.Release|Any CPU.Build.0 = Release|Any CPU
	EndGlobalSection
	GlobalSection(SolutionProperties) = preSolution
		HideSolutionNode = FALSE
	EndGlobalSection
	GlobalSection(ExtensibilityGlobals) = postSolution
		SolutionGuid = {497AEE33-329C-4828-BF0B-EFCF96DD2F3F}
	EndGlobalSection
EndGlobal
